
Microsoft Visual Studio Solution File, Format Version 12.00
# Visual Studio Version 16
VisualStudioVersion = 16.0.29926.136
MinimumVisualStudioVersion = 10.0.40219.1
Project("{9A19103F-16F7-4668-BE54-9A1E7A4F7556}") = "Numbers.Api", "Numbers.Api\Numbers.Api.csproj", "{6C454E65-AD38-4134-BBE4-C13EB06D21EF}"
EndProject
Project("{FAE04EC0-301F-11D3-BF4B-00C04F79EFBC}") = "Numbers.Web", "Numbers.Web\Numbers.Web.csproj", "{E3C47D08-BE70-4B51-9C54-3A87F3F9ED20}"
EndProject
Global
	GlobalSection(SolutionConfigurationPlatforms) = preSolution
		Debug|Any CPU = Debug|Any CPU
		Release|Any CPU = Release|Any CPU
	EndGlobalSection
	GlobalSection(ProjectConfigurationPlatforms) = postSolution
		{6C454E65-AD38-4134-BBE4-C13EB06D21EF}.Debug|Any CPU.ActiveCfg = Debug|Any CPU
		{6C454E65-AD38-4134-BBE4-C13EB06D21EF}.Debug|Any CPU.Build.0 = Debug|Any CPU
		{6C454E65-AD38-4134-BBE4-C13EB06D21EF}.Release|Any CPU.ActiveCfg = Release|Any CPU
		{6C454E65-AD38-4134-BBE4-C13EB06D21EF}.Release|Any CPU.Build.0 = Release|Any CPU
		{E3C47D08-BE70-4B51-9C54-3A87F3F9ED20}.Debug|Any CPU.ActiveCfg = Debug|Any CPU
		{E3C47D08-BE70-4B51-9C54-3A87F3F9ED20}.Debug|Any CPU.Build.0 = Debug|Any CPU
		{E3C47D08-BE70-4B51-9C54-3A87F3F9ED20}.Release|Any CPU.ActiveCfg = Release|Any CPU
		{E3C47D08-BE70-4B51-9C54-3A87F3F9ED20}.Release|Any CPU.Build.0 = Release|Any CPU
	EndGlobalSection
	GlobalSection(SolutionProperties) = preSolution
		HideSolutionNode = FALSE
	EndGlobalSection
	GlobalSection(ExtensibilityGlobals) = postSolution
		SolutionGuid = {D7DB7050-273C-400B-AA96-15145184E5D7}
	EndGlobalSection
EndGlobal
