
Microsoft Visual Studio Solution File, Format Version 12.00
# Visual Studio Version 16
VisualStudioVersion = 16.0.30309.148
MinimumVisualStudioVersion = 10.0.40219.1
Project("{FAE04EC0-301F-11D3-BF4B-00C04F79EFBC}") = "UserController", "UserController.csproj", "{D92E46DD-C089-48E5-8B94-371EC9A27704}"
EndProject
Global
	GlobalSection(SolutionConfigurationPlatforms) = preSolution
		Debug|Any CPU = Debug|Any CPU
		Release|Any CPU = Release|Any CPU
	EndGlobalSection
	GlobalSection(ProjectConfigurationPlatforms) = postSolution
		{D92E46DD-C089-48E5-8B94-371EC9A27704}.Debug|Any CPU.ActiveCfg = Debug|Any CPU
		{D92E46DD-C089-48E5-8B94-371EC9A27704}.Debug|Any CPU.Build.0 = Debug|Any CPU
		{D92E46DD-C089-48E5-8B94-371EC9A27704}.Release|Any CPU.ActiveCfg = Release|Any CPU
		{D92E46DD-C089-48E5-8B94-371EC9A27704}.Release|Any CPU.Build.0 = Release|Any CPU
	EndGlobalSection
	GlobalSection(SolutionProperties) = preSolution
		HideSolutionNode = FALSE
	EndGlobalSection
	GlobalSection(ExtensibilityGlobals) = postSolution
		SolutionGuid = {BB8F2AD8-5410-4F5E-AFC6-D8AA6BCDAAC4}
	EndGlobalSection
EndGlobal
